
Microsoft Visual Studio Solution File, Format Version 12.00
# Visual Studio 2015
Project("{FAE04EC0-301F-11D3-BF4B-00C04F79EFBC}") = "Game_TowerDefense", "Game_TowerDefense.csproj", "{B580006B-EA0A-2DA0-72DB-F20213013E49}"
EndProject
Project("{FAE04EC0-301F-11D3-BF4B-00C04F79EFBC}") = "Game_TowerDefense.Editor", "Game_TowerDefense.Editor.csproj", "{58C412BF-3A2E-A59E-5229-3EFFFF5808D7}"
EndProject
Global
	GlobalSection(SolutionConfigurationPlatforms) = preSolution
		Debug|Any CPU = Debug|Any CPU
		Release|Any CPU = Release|Any CPU
	EndGlobalSection
	GlobalSection(ProjectConfigurationPlatforms) = postSolution
		{B580006B-EA0A-2DA0-72DB-F20213013E49}.Debug|Any CPU.ActiveCfg = Debug|Any CPU
		{B580006B-EA0A-2DA0-72DB-F20213013E49}.Debug|Any CPU.Build.0 = Debug|Any CPU
		{B580006B-EA0A-2DA0-72DB-F20213013E49}.Release|Any CPU.ActiveCfg = Release|Any CPU
		{B580006B-EA0A-2DA0-72DB-F20213013E49}.Release|Any CPU.Build.0 = Release|Any CPU
		{58C412BF-3A2E-A59E-5229-3EFFFF5808D7}.Debug|Any CPU.ActiveCfg = Debug|Any CPU
		{58C412BF-3A2E-A59E-5229-3EFFFF5808D7}.Debug|Any CPU.Build.0 = Debug|Any CPU
		{58C412BF-3A2E-A59E-5229-3EFFFF5808D7}.Release|Any CPU.ActiveCfg = Release|Any CPU
		{58C412BF-3A2E-A59E-5229-3EFFFF5808D7}.Release|Any CPU.Build.0 = Release|Any CPU
	EndGlobalSection
	GlobalSection(SolutionProperties) = preSolution
		HideSolutionNode = FALSE
	EndGlobalSection
EndGlobal
